
Microsoft Visual Studio Solution File, Format Version 12.00
# Visual Studio Version 16
VisualStudioVersion = 16.0.29806.167
MinimumVisualStudioVersion = 10.0.40219.1
Project("{2150E333-8FDC-42A3-9474-1A3956D46DE8}") = "Fichas", "Fichas", "{5D1DBE99-35BF-45D1-90A5-2C2A94BDD645}"
EndProject
Project("{9A19103F-16F7-4668-BE54-9A1E7A4F7556}") = "Ficha10G1", "Ficha10G1\Ficha10G1.csproj", "{5CB4D17D-0E8A-47F6-9C79-06BC58AF7255}"
EndProject
Project("{9A19103F-16F7-4668-BE54-9A1E7A4F7556}") = "Consola", "Consola\Consola.csproj", "{33CF8607-3713-45E4-A1E8-9280F20EDAC6}"
EndProject
Project("{9A19103F-16F7-4668-BE54-9A1E7A4F7556}") = "Ficha10G2", "Ficha10G2\Ficha10G2.csproj", "{053195C7-B8E0-4858-BFCA-7B2FD6FA07E4}"
EndProject
Project("{9A19103F-16F7-4668-BE54-9A1E7A4F7556}") = "Ficha10G3", "Ficha10G3\Ficha10G3.csproj", "{84D02E8A-EA23-4A0A-A1B3-A4BFD8CC486D}"
EndProject
Project("{9A19103F-16F7-4668-BE54-9A1E7A4F7556}") = "Ficha11G1", "Ficha11G1\Ficha11G1.csproj", "{E20CEA0B-A9F1-4886-AA18-EA742CC4590D}"
EndProject
Project("{9A19103F-16F7-4668-BE54-9A1E7A4F7556}") = "Ficha11G2", "Ficha11G2\Ficha11G2.csproj", "{5BADD320-742C-4123-BF3B-7D328E6DB45D}"
EndProject
Project("{9A19103F-16F7-4668-BE54-9A1E7A4F7556}") = "Ficha11G3", "Ficha11G3\Ficha11G3.csproj", "{EFFB1DC4-2396-4D03-8EFE-29D4982E9079}"
EndProject
Project("{9A19103F-16F7-4668-BE54-9A1E7A4F7556}") = "Ficha12G1", "Ficha12G1\Ficha12G1.csproj", "{9B2943FC-E32E-4F20-A36E-141F16D5EB91}"
EndProject
Project("{9A19103F-16F7-4668-BE54-9A1E7A4F7556}") = "Ficha13G1", "Ficha13\Ficha13G1.csproj", "{1A6F89F4-3994-42BB-9C69-75BAEE90697B}"
EndProject
Project("{FAE04EC0-301F-11D3-BF4B-00C04F79EFBC}") = "Ficha14G1", "Ficha14G1\Ficha14G1.csproj", "{590B6647-ADE3-4EA1-8D1D-2C016469D4CC}"
EndProject
Global
	GlobalSection(SolutionConfigurationPlatforms) = preSolution
		Debug|Any CPU = Debug|Any CPU
		Release|Any CPU = Release|Any CPU
	EndGlobalSection
	GlobalSection(ProjectConfigurationPlatforms) = postSolution
		{5CB4D17D-0E8A-47F6-9C79-06BC58AF7255}.Debug|Any CPU.ActiveCfg = Debug|Any CPU
		{5CB4D17D-0E8A-47F6-9C79-06BC58AF7255}.Debug|Any CPU.Build.0 = Debug|Any CPU
		{5CB4D17D-0E8A-47F6-9C79-06BC58AF7255}.Release|Any CPU.ActiveCfg = Release|Any CPU
		{5CB4D17D-0E8A-47F6-9C79-06BC58AF7255}.Release|Any CPU.Build.0 = Release|Any CPU
		{33CF8607-3713-45E4-A1E8-9280F20EDAC6}.Debug|Any CPU.ActiveCfg = Debug|Any CPU
		{33CF8607-3713-45E4-A1E8-9280F20EDAC6}.Debug|Any CPU.Build.0 = Debug|Any CPU
		{33CF8607-3713-45E4-A1E8-9280F20EDAC6}.Release|Any CPU.ActiveCfg = Release|Any CPU
		{33CF8607-3713-45E4-A1E8-9280F20EDAC6}.Release|Any CPU.Build.0 = Release|Any CPU
		{053195C7-B8E0-4858-BFCA-7B2FD6FA07E4}.Debug|Any CPU.ActiveCfg = Debug|Any CPU
		{053195C7-B8E0-4858-BFCA-7B2FD6FA07E4}.Debug|Any CPU.Build.0 = Debug|Any CPU
		{053195C7-B8E0-4858-BFCA-7B2FD6FA07E4}.Release|Any CPU.ActiveCfg = Release|Any CPU
		{053195C7-B8E0-4858-BFCA-7B2FD6FA07E4}.Release|Any CPU.Build.0 = Release|Any CPU
		{84D02E8A-EA23-4A0A-A1B3-A4BFD8CC486D}.Debug|Any CPU.ActiveCfg = Debug|Any CPU
		{84D02E8A-EA23-4A0A-A1B3-A4BFD8CC486D}.Debug|Any CPU.Build.0 = Debug|Any CPU
		{84D02E8A-EA23-4A0A-A1B3-A4BFD8CC486D}.Release|Any CPU.ActiveCfg = Release|Any CPU
		{84D02E8A-EA23-4A0A-A1B3-A4BFD8CC486D}.Release|Any CPU.Build.0 = Release|Any CPU
		{E20CEA0B-A9F1-4886-AA18-EA742CC4590D}.Debug|Any CPU.ActiveCfg = Debug|Any CPU
		{E20CEA0B-A9F1-4886-AA18-EA742CC4590D}.Debug|Any CPU.Build.0 = Debug|Any CPU
		{E20CEA0B-A9F1-4886-AA18-EA742CC4590D}.Release|Any CPU.ActiveCfg = Release|Any CPU
		{E20CEA0B-A9F1-4886-AA18-EA742CC4590D}.Release|Any CPU.Build.0 = Release|Any CPU
		{5BADD320-742C-4123-BF3B-7D328E6DB45D}.Debug|Any CPU.ActiveCfg = Debug|Any CPU
		{5BADD320-742C-4123-BF3B-7D328E6DB45D}.Debug|Any CPU.Build.0 = Debug|Any CPU
		{5BADD320-742C-4123-BF3B-7D328E6DB45D}.Release|Any CPU.ActiveCfg = Release|Any CPU
		{5BADD320-742C-4123-BF3B-7D328E6DB45D}.Release|Any CPU.Build.0 = Release|Any CPU
		{EFFB1DC4-2396-4D03-8EFE-29D4982E9079}.Debug|Any CPU.ActiveCfg = Debug|Any CPU
		{EFFB1DC4-2396-4D03-8EFE-29D4982E9079}.Debug|Any CPU.Build.0 = Debug|Any CPU
		{EFFB1DC4-2396-4D03-8EFE-29D4982E9079}.Release|Any CPU.ActiveCfg = Release|Any CPU
		{EFFB1DC4-2396-4D03-8EFE-29D4982E9079}.Release|Any CPU.Build.0 = Release|Any CPU
		{9B2943FC-E32E-4F20-A36E-141F16D5EB91}.Debug|Any CPU.ActiveCfg = Debug|Any CPU
		{9B2943FC-E32E-4F20-A36E-141F16D5EB91}.Debug|Any CPU.Build.0 = Debug|Any CPU
		{9B2943FC-E32E-4F20-A36E-141F16D5EB91}.Release|Any CPU.ActiveCfg = Release|Any CPU
		{9B2943FC-E32E-4F20-A36E-141F16D5EB91}.Release|Any CPU.Build.0 = Release|Any CPU
		{1A6F89F4-3994-42BB-9C69-75BAEE90697B}.Debug|Any CPU.ActiveCfg = Debug|Any CPU
		{1A6F89F4-3994-42BB-9C69-75BAEE90697B}.Debug|Any CPU.Build.0 = Debug|Any CPU
		{1A6F89F4-3994-42BB-9C69-75BAEE90697B}.Release|Any CPU.ActiveCfg = Release|Any CPU
		{1A6F89F4-3994-42BB-9C69-75BAEE90697B}.Release|Any CPU.Build.0 = Release|Any CPU
		{590B6647-ADE3-4EA1-8D1D-2C016469D4CC}.Debug|Any CPU.ActiveCfg = Debug|Any CPU
		{590B6647-ADE3-4EA1-8D1D-2C016469D4CC}.Debug|Any CPU.Build.0 = Debug|Any CPU
		{590B6647-ADE3-4EA1-8D1D-2C016469D4CC}.Release|Any CPU.ActiveCfg = Release|Any CPU
		{590B6647-ADE3-4EA1-8D1D-2C016469D4CC}.Release|Any CPU.Build.0 = Release|Any CPU
	EndGlobalSection
	GlobalSection(SolutionProperties) = preSolution
		HideSolutionNode = FALSE
	EndGlobalSection
	GlobalSection(NestedProjects) = preSolution
		{5CB4D17D-0E8A-47F6-9C79-06BC58AF7255} = {5D1DBE99-35BF-45D1-90A5-2C2A94BDD645}
		{053195C7-B8E0-4858-BFCA-7B2FD6FA07E4} = {5D1DBE99-35BF-45D1-90A5-2C2A94BDD645}
		{84D02E8A-EA23-4A0A-A1B3-A4BFD8CC486D} = {5D1DBE99-35BF-45D1-90A5-2C2A94BDD645}
		{E20CEA0B-A9F1-4886-AA18-EA742CC4590D} = {5D1DBE99-35BF-45D1-90A5-2C2A94BDD645}
		{5BADD320-742C-4123-BF3B-7D328E6DB45D} = {5D1DBE99-35BF-45D1-90A5-2C2A94BDD645}
		{EFFB1DC4-2396-4D03-8EFE-29D4982E9079} = {5D1DBE99-35BF-45D1-90A5-2C2A94BDD645}
		{9B2943FC-E32E-4F20-A36E-141F16D5EB91} = {5D1DBE99-35BF-45D1-90A5-2C2A94BDD645}
		{1A6F89F4-3994-42BB-9C69-75BAEE90697B} = {5D1DBE99-35BF-45D1-90A5-2C2A94BDD645}
		{590B6647-ADE3-4EA1-8D1D-2C016469D4CC} = {5D1DBE99-35BF-45D1-90A5-2C2A94BDD645}
	EndGlobalSection
	GlobalSection(ExtensibilityGlobals) = postSolution
		SolutionGuid = {DA1F4663-B00C-408E-A5C6-75C0DDB76FE5}
	EndGlobalSection
EndGlobal
