
Microsoft Visual Studio Solution File, Format Version 12.00
# Visual Studio Version 16
VisualStudioVersion = 16.0.29806.167
MinimumVisualStudioVersion = 10.0.40219.1
Project("{2150E333-8FDC-42A3-9474-1A3956D46DE8}") = "Fichas", "Fichas", "{5D1DBE99-35BF-45D1-90A5-2C2A94BDD645}"
EndProject
Project("{9A19103F-16F7-4668-BE54-9A1E7A4F7556}") = "Ficha10G1", "Ficha10G1\Ficha10G1.csproj", "{5CB4D17D-0E8A-47F6-9C79-06BC58AF7255}"
EndProject
Project("{9A19103F-16F7-4668-BE54-9A1E7A4F7556}") = "Consola", "Consola\Consola.csproj", "{33CF8607-3713-45E4-A1E8-9280F20EDAC6}"
EndProject
Project("{FAE04EC0-301F-11D3-BF4B-00C04F79EFBC}") = "Ficha10G2", "Ficha10G2\Ficha10G2.csproj", "{053195C7-B8E0-4858-BFCA-7B2FD6FA07E4}"
EndProject
Project("{FAE04EC0-301F-11D3-BF4B-00C04F79EFBC}") = "Ficha10G3", "Ficha10G3\Ficha10G3.csproj", "{84D02E8A-EA23-4A0A-A1B3-A4BFD8CC486D}"
EndProject
Global
	GlobalSection(SolutionConfigurationPlatforms) = preSolution
		Debug|Any CPU = Debug|Any CPU
		Release|Any CPU = Release|Any CPU
	EndGlobalSection
	GlobalSection(ProjectConfigurationPlatforms) = postSolution
		{5CB4D17D-0E8A-47F6-9C79-06BC58AF7255}.Debug|Any CPU.ActiveCfg = Debug|Any CPU
		{5CB4D17D-0E8A-47F6-9C79-06BC58AF7255}.Debug|Any CPU.Build.0 = Debug|Any CPU
		{5CB4D17D-0E8A-47F6-9C79-06BC58AF7255}.Release|Any CPU.ActiveCfg = Release|Any CPU
		{5CB4D17D-0E8A-47F6-9C79-06BC58AF7255}.Release|Any CPU.Build.0 = Release|Any CPU
		{33CF8607-3713-45E4-A1E8-9280F20EDAC6}.Debug|Any CPU.ActiveCfg = Debug|Any CPU
		{33CF8607-3713-45E4-A1E8-9280F20EDAC6}.Debug|Any CPU.Build.0 = Debug|Any CPU
		{33CF8607-3713-45E4-A1E8-9280F20EDAC6}.Release|Any CPU.ActiveCfg = Release|Any CPU
		{33CF8607-3713-45E4-A1E8-9280F20EDAC6}.Release|Any CPU.Build.0 = Release|Any CPU
		{053195C7-B8E0-4858-BFCA-7B2FD6FA07E4}.Debug|Any CPU.ActiveCfg = Debug|Any CPU
		{053195C7-B8E0-4858-BFCA-7B2FD6FA07E4}.Debug|Any CPU.Build.0 = Debug|Any CPU
		{053195C7-B8E0-4858-BFCA-7B2FD6FA07E4}.Release|Any CPU.ActiveCfg = Release|Any CPU
		{053195C7-B8E0-4858-BFCA-7B2FD6FA07E4}.Release|Any CPU.Build.0 = Release|Any CPU
		{84D02E8A-EA23-4A0A-A1B3-A4BFD8CC486D}.Debug|Any CPU.ActiveCfg = Debug|Any CPU
		{84D02E8A-EA23-4A0A-A1B3-A4BFD8CC486D}.Debug|Any CPU.Build.0 = Debug|Any CPU
		{84D02E8A-EA23-4A0A-A1B3-A4BFD8CC486D}.Release|Any CPU.ActiveCfg = Release|Any CPU
		{84D02E8A-EA23-4A0A-A1B3-A4BFD8CC486D}.Release|Any CPU.Build.0 = Release|Any CPU
	EndGlobalSection
	GlobalSection(SolutionProperties) = preSolution
		HideSolutionNode = FALSE
	EndGlobalSection
	GlobalSection(NestedProjects) = preSolution
		{5CB4D17D-0E8A-47F6-9C79-06BC58AF7255} = {5D1DBE99-35BF-45D1-90A5-2C2A94BDD645}
		{053195C7-B8E0-4858-BFCA-7B2FD6FA07E4} = {5D1DBE99-35BF-45D1-90A5-2C2A94BDD645}
		{84D02E8A-EA23-4A0A-A1B3-A4BFD8CC486D} = {5D1DBE99-35BF-45D1-90A5-2C2A94BDD645}
	EndGlobalSection
	GlobalSection(ExtensibilityGlobals) = postSolution
		SolutionGuid = {DA1F4663-B00C-408E-A5C6-75C0DDB76FE5}
	EndGlobalSection
EndGlobal
